// !$*UTF8*$!
{
	archiveVersion = 1;
	classes = {
	};
	objectVersion = 56;
	objects = {

/* Begin PBXBuildFile section */
		70A358392A1393BA0036EC3B /* StackyApp.swift in Sources */ = {isa = PBXBuildFile; fileRef = 70A358382A1393BA0036EC3B /* StackyApp.swift */; };
		70A3583D2A1393BB0036EC3B /* Assets.xcassets in Resources */ = {isa = PBXBuildFile; fileRef = 70A3583C2A1393BB0036EC3B /* Assets.xcassets */; };
		70A358402A1393BB0036EC3B /* Preview Assets.xcassets in Resources */ = {isa = PBXBuildFile; fileRef = 70A3583F2A1393BB0036EC3B /* Preview Assets.xcassets */; };
		70A3584C2A1393D60036EC3B /* Router.swift in Sources */ = {isa = PBXBuildFile; fileRef = 70A358462A1393D60036EC3B /* Router.swift */; };
		70A3584D2A1393D60036EC3B /* GreenView.swift in Sources */ = {isa = PBXBuildFile; fileRef = 70A358482A1393D60036EC3B /* GreenView.swift */; };
		70A3584E2A1393D60036EC3B /* RedView.swift in Sources */ = {isa = PBXBuildFile; fileRef = 70A358492A1393D60036EC3B /* RedView.swift */; };
		70A3584F2A1393D60036EC3B /* OrangeView.swift in Sources */ = {isa = PBXBuildFile; fileRef = 70A3584A2A1393D60036EC3B /* OrangeView.swift */; };
		70A358502A1393D60036EC3B /* ButtonView.swift in Sources */ = {isa = PBXBuildFile; fileRef = 70A3584B2A1393D60036EC3B /* ButtonView.swift */; };
/* End PBXBuildFile section */

/* Begin PBXFileReference section */
		70A358352A1393BA0036EC3B /* Stacky.app */ = {isa = PBXFileReference; explicitFileType = wrapper.application; includeInIndex = 0; path = Stacky.app; sourceTree = BUILT_PRODUCTS_DIR; };
		70A358382A1393BA0036EC3B /* StackyApp.swift */ = {isa = PBXFileReference; lastKnownFileType = sourcecode.swift; path = StackyApp.swift; sourceTree = "<group>"; };
		70A3583C2A1393BB0036EC3B /* Assets.xcassets */ = {isa = PBXFileReference; lastKnownFileType = folder.assetcatalog; path = Assets.xcassets; sourceTree = "<group>"; };
		70A3583F2A1393BB0036EC3B /* Preview Assets.xcassets */ = {isa = PBXFileReference; lastKnownFileType = folder.assetcatalog; path = "Preview Assets.xcassets"; sourceTree = "<group>"; };
		70A358462A1393D60036EC3B /* Router.swift */ = {isa = PBXFileReference; fileEncoding = 4; lastKnownFileType = sourcecode.swift; name = Router.swift; path = ../../Greedo/Greedo/Router.swift; sourceTree = "<group>"; };
		70A358482A1393D60036EC3B /* GreenView.swift */ = {isa = PBXFileReference; fileEncoding = 4; lastKnownFileType = sourcecode.swift; path = GreenView.swift; sourceTree = "<group>"; };
		70A358492A1393D60036EC3B /* RedView.swift */ = {isa = PBXFileReference; fileEncoding = 4; lastKnownFileType = sourcecode.swift; path = RedView.swift; sourceTree = "<group>"; };
		70A3584A2A1393D60036EC3B /* OrangeView.swift */ = {isa = PBXFileReference; fileEncoding = 4; lastKnownFileType = sourcecode.swift; path = OrangeView.swift; sourceTree = "<group>"; };
		70A3584B2A1393D60036EC3B /* ButtonView.swift */ = {isa = PBXFileReference; fileEncoding = 4; lastKnownFileType = sourcecode.swift; path = ButtonView.swift; sourceTree = "<group>"; };
/* End PBXFileReference section */

/* Begin PBXFrameworksBuildPhase section */
		70A358322A1393BA0036EC3B /* Frameworks */ = {
			isa = PBXFrameworksBuildPhase;
			buildActionMask = 2147483647;
			files = (
			);
			runOnlyForDeploymentPostprocessing = 0;
		};
/* End PBXFrameworksBuildPhase section */

/* Begin PBXGroup section */
		70A3582C2A1393BA0036EC3B = {
			isa = PBXGroup;
			children = (
				70A358372A1393BA0036EC3B /* Stacky */,
				70A358362A1393BA0036EC3B /* Products */,
			);
			sourceTree = "<group>";
		};
		70A358362A1393BA0036EC3B /* Products */ = {
			isa = PBXGroup;
			children = (
				70A358352A1393BA0036EC3B /* Stacky.app */,
			);
			name = Products;
			sourceTree = "<group>";
		};
		70A358372A1393BA0036EC3B /* Stacky */ = {
			isa = PBXGroup;
			children = (
				70A358472A1393D60036EC3B /* Views */,
				70A358462A1393D60036EC3B /* Router.swift */,
				70A358382A1393BA0036EC3B /* StackyApp.swift */,
				70A3583C2A1393BB0036EC3B /* Assets.xcassets */,
				70A3583E2A1393BB0036EC3B /* Preview Content */,
			);
			path = Stacky;
			sourceTree = "<group>";
		};
		70A3583E2A1393BB0036EC3B /* Preview Content */ = {
			isa = PBXGroup;
			children = (
				70A3583F2A1393BB0036EC3B /* Preview Assets.xcassets */,
			);
			path = "Preview Content";
			sourceTree = "<group>";
		};
		70A358472A1393D60036EC3B /* Views */ = {
			isa = PBXGroup;
			children = (
				70A358492A1393D60036EC3B /* RedView.swift */,
				70A3584A2A1393D60036EC3B /* OrangeView.swift */,
				70A358482A1393D60036EC3B /* GreenView.swift */,
				70A3584B2A1393D60036EC3B /* ButtonView.swift */,
			);
			name = Views;
			path = ../../Greedo/Greedo/Views;
			sourceTree = "<group>";
		};
/* End PBXGroup section */

/* Begin PBXNativeTarget section */
		70A358342A1393BA0036EC3B /* Stacky */ = {
			isa = PBXNativeTarget;
			buildConfigurationList = 70A358432A1393BB0036EC3B /* Build configuration list for PBXNativeTarget "Stacky" */;
			buildPhases = (
				70A358312A1393BA0036EC3B /* Sources */,
				70A358322A1393BA0036EC3B /* Frameworks */,
				70A358332A1393BA0036EC3B /* Resources */,
			);
			buildRules = (
			);
			dependencies = (
			);
			name = Stacky;
			productName = Stacky;
			productReference = 70A358352A1393BA0036EC3B /* Stacky.app */;
			productType = "com.apple.product-type.application";
		};
/* End PBXNativeTarget section */

/* Begin PBXProject section */
		70A3582D2A1393BA0036EC3B /* Project object */ = {
			isa = PBXProject;
			attributes = {
				BuildIndependentTargetsInParallel = 1;
				LastSwiftUpdateCheck = 1420;
				LastUpgradeCheck = 1420;
				TargetAttributes = {
					70A358342A1393BA0036EC3B = {
						CreatedOnToolsVersion = 14.2;
					};
				};
			};
			buildConfigurationList = 70A358302A1393BA0036EC3B /* Build configuration list for PBXProject "Stacky" */;
			compatibilityVersion = "Xcode 14.0";
			developmentRegion = en;
			hasScannedForEncodings = 0;
			knownRegions = (
				en,
				Base,
			);
			mainGroup = 70A3582C2A1393BA0036EC3B;
			productRefGroup = 70A358362A1393BA0036EC3B /* Products */;
			projectDirPath = "";
			projectRoot = "";
			targets = (
				70A358342A1393BA0036EC3B /* Stacky */,
			);
		};
/* End PBXProject section */

/* Begin PBXResourcesBuildPhase section */
		70A358332A1393BA0036EC3B /* Resources */ = {
			isa = PBXResourcesBuildPhase;
			buildActionMask = 2147483647;
			files = (
				70A358402A1393BB0036EC3B /* Preview Assets.xcassets in Resources */,
				70A3583D2A1393BB0036EC3B /* Assets.xcassets in Resources */,
			);
			runOnlyForDeploymentPostprocessing = 0;
		};
/* End PBXResourcesBuildPhase section */

/* Begin PBXSourcesBuildPhase section */
		70A358312A1393BA0036EC3B /* Sources */ = {
			isa = PBXSourcesBuildPhase;
			buildActionMask = 2147483647;
			files = (
				70A3584F2A1393D60036EC3B /* OrangeView.swift in Sources */,
				70A3584D2A1393D60036EC3B /* GreenView.swift in Sources */,
				70A358502A1393D60036EC3B /* ButtonView.swift in Sources */,
				70A3584C2A1393D60036EC3B /* Router.swift in Sources */,
				70A3584E2A1393D60036EC3B /* RedView.swift in Sources */,
				70A358392A1393BA0036EC3B /* StackyApp.swift in Sources */,
			);
			runOnlyForDeploymentPostprocessing = 0;
		};
/* End PBXSourcesBuildPhase section */

/* Begin XCBuildConfiguration section */
		70A358412A1393BB0036EC3B /* Debug */ = {
			isa = XCBuildConfiguration;
			buildSettings = {
				ALWAYS_SEARCH_USER_PATHS = NO;
				CLANG_ANALYZER_NONNULL = YES;
				CLANG_ANALYZER_NUMBER_OBJECT_CONVERSION = YES_AGGRESSIVE;
				CLANG_CXX_LANGUAGE_STANDARD = "gnu++20";
				CLANG_ENABLE_MODULES = YES;
				CLANG_ENABLE_OBJC_ARC = YES;
				CLANG_ENABLE_OBJC_WEAK = YES;
				CLANG_WARN_BLOCK_CAPTURE_AUTORELEASING = YES;
				CLANG_WARN_BOOL_CONVERSION = YES;
				CLANG_WARN_COMMA = YES;
				CLANG_WARN_CONSTANT_CONVERSION = YES;
				CLANG_WARN_DEPRECATED_OBJC_IMPLEMENTATIONS = YES;
				CLANG_WARN_DIRECT_OBJC_ISA_USAGE = YES_ERROR;
				CLANG_WARN_DOCUMENTATION_COMMENTS = YES;
				CLANG_WARN_EMPTY_BODY = YES;
				CLANG_WARN_ENUM_CONVERSION = YES;
				CLANG_WARN_INFINITE_RECURSION = YES;
				CLANG_WARN_INT_CONVERSION = YES;
				CLANG_WARN_NON_LITERAL_NULL_CONVERSION = YES;
				CLANG_WARN_OBJC_IMPLICIT_RETAIN_SELF = YES;
				CLANG_WARN_OBJC_LITERAL_CONVERSION = YES;
				CLANG_WARN_OBJC_ROOT_CLASS = YES_ERROR;
				CLANG_WARN_QUOTED_INCLUDE_IN_FRAMEWORK_HEADER = YES;
				CLANG_WARN_RANGE_LOOP_ANALYSIS = YES;
				CLANG_WARN_STRICT_PROTOTYPES = YES;
				CLANG_WARN_SUSPICIOUS_MOVE = YES;
				CLANG_WARN_UNGUARDED_AVAILABILITY = YES_AGGRESSIVE;
				CLANG_WARN_UNREACHABLE_CODE = YES;
				CLANG_WARN__DUPLICATE_METHOD_MATCH = YES;
				COPY_PHASE_STRIP = NO;
				DEBUG_INFORMATION_FORMAT = dwarf;
				ENABLE_STRICT_OBJC_MSGSEND = YES;
				ENABLE_TESTABILITY = YES;
				GCC_C_LANGUAGE_STANDARD = gnu11;
				GCC_DYNAMIC_NO_PIC = NO;
				GCC_NO_COMMON_BLOCKS = YES;
				GCC_OPTIMIZATION_LEVEL = 0;
				GCC_PREPROCESSOR_DEFINITIONS = (
					"DEBUG=1",
					"$(inherited)",
				);
				GCC_WARN_64_TO_32_BIT_CONVERSION = YES;
				GCC_WARN_ABOUT_RETURN_TYPE = YES_ERROR;
				GCC_WARN_UNDECLARED_SELECTOR = YES;
				GCC_WARN_UNINITIALIZED_AUTOS = YES_AGGRESSIVE;
				GCC_WARN_UNUSED_FUNCTION = YES;
				GCC_WARN_UNUSED_VARIABLE = YES;
				IPHONEOS_DEPLOYMENT_TARGET = 16.2;
				MTL_ENABLE_DEBUG_INFO = INCLUDE_SOURCE;
				MTL_FAST_MATH = YES;
				ONLY_ACTIVE_ARCH = YES;
				SDKROOT = iphoneos;
				SWIFT_ACTIVE_COMPILATION_CONDITIONS = DEBUG;
				SWIFT_OPTIMIZATION_LEVEL = "-Onone";
			};
			name = Debug;
		};
		70A358422A1393BB0036EC3B /* Release */ = {
			isa = XCBuildConfiguration;
			buildSettings = {
				ALWAYS_SEARCH_USER_PATHS = NO;
				CLANG_ANALYZER_NONNULL = YES;
				CLANG_ANALYZER_NUMBER_OBJECT_CONVERSION = YES_AGGRESSIVE;
				CLANG_CXX_LANGUAGE_STANDARD = "gnu++20";
				CLANG_ENABLE_MODULES = YES;
				CLANG_ENABLE_OBJC_ARC = YES;
				CLANG_ENABLE_OBJC_WEAK = YES;
				CLANG_WARN_BLOCK_CAPTURE_AUTORELEASING = YES;
				CLANG_WARN_BOOL_CONVERSION = YES;
				CLANG_WARN_COMMA = YES;
				CLANG_WARN_CONSTANT_CONVERSION = YES;
				CLANG_WARN_DEPRECATED_OBJC_IMPLEMENTATIONS = YES;
				CLANG_WARN_DIRECT_OBJC_ISA_USAGE = YES_ERROR;
				CLANG_WARN_DOCUMENTATION_COMMENTS = YES;
				CLANG_WARN_EMPTY_BODY = YES;
				CLANG_WARN_ENUM_CONVERSION = YES;
				CLANG_WARN_INFINITE_RECURSION = YES;
				CLANG_WARN_INT_CONVERSION = YES;
				CLANG_WARN_NON_LITERAL_NULL_CONVERSION = YES;
				CLANG_WARN_OBJC_IMPLICIT_RETAIN_SELF = YES;
				CLANG_WARN_OBJC_LITERAL_CONVERSION = YES;
				CLANG_WARN_OBJC_ROOT_CLASS = YES_ERROR;
				CLANG_WARN_QUOTED_INCLUDE_IN_FRAMEWORK_HEADER = YES;
				CLANG_WARN_RANGE_LOOP_ANALYSIS = YES;
				CLANG_WARN_STRICT_PROTOTYPES = YES;
				CLANG_WARN_SUSPICIOUS_MOVE = YES;
				CLANG_WARN_UNGUARDED_AVAILABILITY = YES_AGGRESSIVE;
				CLANG_WARN_UNREACHABLE_CODE = YES;
				CLANG_WARN__DUPLICATE_METHOD_MATCH = YES;
				COPY_PHASE_STRIP = NO;
				DEBUG_INFORMATION_FORMAT = "dwarf-with-dsym";
				ENABLE_NS_ASSERTIONS = NO;
				ENABLE_STRICT_OBJC_MSGSEND = YES;
				GCC_C_LANGUAGE_STANDARD = gnu11;
				GCC_NO_COMMON_BLOCKS = YES;
				GCC_WARN_64_TO_32_BIT_CONVERSION = YES;
				GCC_WARN_ABOUT_RETURN_TYPE = YES_ERROR;
				GCC_WARN_UNDECLARED_SELECTOR = YES;
				GCC_WARN_UNINITIALIZED_AUTOS = YES_AGGRESSIVE;
				GCC_WARN_UNUSED_FUNCTION = YES;
				GCC_WARN_UNUSED_VARIABLE = YES;
				IPHONEOS_DEPLOYMENT_TARGET = 16.2;
				MTL_ENABLE_DEBUG_INFO = NO;
				MTL_FAST_MATH = YES;
				SDKROOT = iphoneos;
				SWIFT_COMPILATION_MODE = wholemodule;
				SWIFT_OPTIMIZATION_LEVEL = "-O";
				VALIDATE_PRODUCT = YES;
			};
			name = Release;
		};
		70A358442A1393BB0036EC3B /* Debug */ = {
			isa = XCBuildConfiguration;
			buildSettings = {
				ASSETCATALOG_COMPILER_APPICON_NAME = AppIcon;
				ASSETCATALOG_COMPILER_GLOBAL_ACCENT_COLOR_NAME = AccentColor;
				CODE_SIGN_STYLE = Automatic;
				CURRENT_PROJECT_VERSION = 1;
				DEVELOPMENT_ASSET_PATHS = "\"Stacky/Preview Content\"";
				DEVELOPMENT_TEAM = QVRRC45M5H;
				ENABLE_PREVIEWS = YES;
				GENERATE_INFOPLIST_FILE = YES;
				INFOPLIST_KEY_UIApplicationSceneManifest_Generation = YES;
				INFOPLIST_KEY_UIApplicationSupportsIndirectInputEvents = YES;
				INFOPLIST_KEY_UILaunchScreen_Generation = YES;
				INFOPLIST_KEY_UISupportedInterfaceOrientations_iPad = "UIInterfaceOrientationPortrait UIInterfaceOrientationPortraitUpsideDown UIInterfaceOrientationLandscapeLeft UIInterfaceOrientationLandscapeRight";
				INFOPLIST_KEY_UISupportedInterfaceOrientations_iPhone = "UIInterfaceOrientationPortrait UIInterfaceOrientationLandscapeLeft UIInterfaceOrientationLandscapeRight";
				LD_RUNPATH_SEARCH_PATHS = (
					"$(inherited)",
					"@executable_path/Frameworks",
				);
				MARKETING_VERSION = 1.0;
				PRODUCT_BUNDLE_IDENTIFIER = come.ca.exchanger.Stacky;
				PRODUCT_NAME = "$(TARGET_NAME)";
				SWIFT_EMIT_LOC_STRINGS = YES;
				SWIFT_VERSION = 5.0;
				TARGETED_DEVICE_FAMILY = "1,2";
			};
			name = Debug;
		};
		70A358452A1393BB0036EC3B /* Release */ = {
			isa = XCBuildConfiguration;
			buildSettings = {
				ASSETCATALOG_COMPILER_APPICON_NAME = AppIcon;
				ASSETCATALOG_COMPILER_GLOBAL_ACCENT_COLOR_NAME = AccentColor;
				CODE_SIGN_STYLE = Automatic;
				CURRENT_PROJECT_VERSION = 1;
				DEVELOPMENT_ASSET_PATHS = "\"Stacky/Preview Content\"";
				DEVELOPMENT_TEAM = QVRRC45M5H;
				ENABLE_PREVIEWS = YES;
				GENERATE_INFOPLIST_FILE = YES;
				INFOPLIST_KEY_UIApplicationSceneManifest_Generation = YES;
				INFOPLIST_KEY_UIApplicationSupportsIndirectInputEvents = YES;
				INFOPLIST_KEY_UILaunchScreen_Generation = YES;
				INFOPLIST_KEY_UISupportedInterfaceOrientations_iPad = "UIInterfaceOrientationPortrait UIInterfaceOrientationPortraitUpsideDown UIInterfaceOrientationLandscapeLeft UIInterfaceOrientationLandscapeRight";
				INFOPLIST_KEY_UISupportedInterfaceOrientations_iPhone = "UIInterfaceOrientationPortrait UIInterfaceOrientationLandscapeLeft UIInterfaceOrientationLandscapeRight";
				LD_RUNPATH_SEARCH_PATHS = (
					"$(inherited)",
					"@executable_path/Frameworks",
				);
				MARKETING_VERSION = 1.0;
				PRODUCT_BUNDLE_IDENTIFIER = come.ca.exchanger.Stacky;
				PRODUCT_NAME = "$(TARGET_NAME)";
				SWIFT_EMIT_LOC_STRINGS = YES;
				SWIFT_VERSION = 5.0;
				TARGETED_DEVICE_FAMILY = "1,2";
			};
			name = Release;
		};
/* End XCBuildConfiguration section */

/* Begin XCConfigurationList section */
		70A358302A1393BA0036EC3B /* Build configuration list for PBXProject "Stacky" */ = {
			isa = XCConfigurationList;
			buildConfigurations = (
				70A358412A1393BB0036EC3B /* Debug */,
				70A358422A1393BB0036EC3B /* Release */,
			);
			defaultConfigurationIsVisible = 0;
			defaultConfigurationName = Release;
		};
		70A358432A1393BB0036EC3B /* Build configuration list for PBXNativeTarget "Stacky" */ = {
			isa = XCConfigurationList;
			buildConfigurations = (
				70A358442A1393BB0036EC3B /* Debug */,
				70A358452A1393BB0036EC3B /* Release */,
			);
			defaultConfigurationIsVisible = 0;
			defaultConfigurationName = Release;
		};
/* End XCConfigurationList section */
	};
	rootObject = 70A3582D2A1393BA0036EC3B /* Project object */;
}
